<?xml version="1.0" encoding="utf-8"?>
<Project ToolsVersion="4.0" xmlns="http://schemas.microsoft.com/developer/msbuild/2003">
  <ItemGroup>
    <Filter Include="源文件">
      <UniqueIdentifier>{4FC737F1-C7A5-4376-A066-2A32D752A2FF}</UniqueIdentifier>
      <Extensions>cpp;c;cc;cxx;c++;cppm;ixx;def;odl;idl;hpj;bat;asm;asmx</Extensions>
    </Filter>
    <Filter Include="头文件">
      <UniqueIdentifier>{93995380-89BD-4b04-88EB-625FBE52EBFB}</UniqueIdentifier>
      <Extensions>h;hh;hpp;hxx;h++;hm;inl;inc;ipp;xsd</Extensions>
    </Filter>
    <Filter Include="资源文件">
      <UniqueIdentifier>{67DA6AB6-F800-4c08-8B7A-83BB121AAD01}</UniqueIdentifier>
      <Extensions>rc;ico;cur;bmp;dlg;rc2;rct;bin;rgs;gif;jpg;jpeg;jpe;resx;tiff;tif;png;wav;mfcribbon-ms</Extensions>
    </Filter>
  </ItemGroup>
  <ItemGroup>
    <ClInclude Include="Resource.h">
      <Filter>头文件</Filter>
    </ClInclude>
    <ClInclude Include="PuzzleGame.h">
      <Filter>头文件</Filter>
    </ClInclude>
    <ClInclude Include="targetver.h">
      <Filter>头文件</Filter>
    </ClInclude>
    <ClInclude Include="Maps.h">
      <Filter>头文件</Filter>
    </ClInclude>
    <ClInclude Include="NPCs.h">
      <Filter>头文件</Filter>
    </ClInclude>
    <ClInclude Include="Items.h">
      <Filter>头文件</Filter>
    </ClInclude>
    <ClInclude Include="Monsters.h">
      <Filter>头文件</Filter>
    </ClInclude>
    <ClInclude Include="Buttons.h">
      <Filter>头文件</Filter>
    </ClInclude>
    <ClInclude Include="Particles.h">
      <Filter>头文件</Filter>
    </ClInclude>
    <ClInclude Include="IDs.h">
      <Filter>头文件</Filter>
    </ClInclude>
    <ClInclude Include="Player.h">
      <Filter>头文件</Filter>
    </ClInclude>
    <ClInclude Include="Progress.h">
      <Filter>头文件</Filter>
    </ClInclude>
    <ClInclude Include="Achievements.h">
      <Filter>头文件</Filter>
    </ClInclude>
  </ItemGroup>
  <ItemGroup>
    <ClCompile Include="PuzzleGame.cpp">
      <Filter>源文件</Filter>
    </ClCompile>
    <ClCompile Include="Maps.cpp">
      <Filter>源文件</Filter>
    </ClCompile>
    <ClCompile Include="NPCs.cpp">
      <Filter>源文件</Filter>
    </ClCompile>
    <ClCompile Include="Monsters.cpp">
      <Filter>源文件</Filter>
    </ClCompile>
    <ClCompile Include="Buttons.cpp">
      <Filter>源文件</Filter>
    </ClCompile>
    <ClCompile Include="Items.cpp">
      <Filter>源文件</Filter>
    </ClCompile>
    <ClCompile Include="Particles.cpp">
      <Filter>源文件</Filter>
    </ClCompile>
    <ClCompile Include="Progress.cpp">
      <Filter>源文件</Filter>
    </ClCompile>
    <ClCompile Include="Player.cpp">
      <Filter>源文件</Filter>
    </ClCompile>
    <ClCompile Include="Achievements.cpp">
      <Filter>源文件</Filter>
    </ClCompile>
  </ItemGroup>
  <ItemGroup>
    <ResourceCompile Include="PuzzleGame.rc">
      <Filter>资源文件</Filter>
    </ResourceCompile>
  </ItemGroup>
  <ItemGroup>
    <Image Include="small.ico">
      <Filter>资源文件</Filter>
    </Image>
    <Image Include="PuzzleGame.ico">
      <Filter>资源文件</Filter>
    </Image>
    <Image Include="resources\map.bmp">
      <Filter>资源文件</Filter>
    </Image>
    <Image Include="resources\player.bmp">
      <Filter>资源文件</Filter>
    </Image>
    <Image Include="resources\background.bmp">
      <Filter>资源文件</Filter>
    </Image>
    <Image Include="resources\startbutton.bmp">
      <Filter>资源文件</Filter>
    </Image>
    <Image Include="resources\npc_man1.bmp">
      <Filter>资源文件</Filter>
    </Image>
    <Image Include="resources\dialog.bmp">
      <Filter>资源文件</Filter>
    </Image>
    <Image Include="resources\monster1.bmp">
      <Filter>资源文件</Filter>
    </Image>
    <Image Include="..\..\..\..\..\Desktop\美术资源_PS源文件\btn_bg.bmp">
      <Filter>资源文件</Filter>
    </Image>
    <Image Include="resources\bitmap4.bmp">
      <Filter>资源文件</Filter>
    </Image>
    <Image Include="..\..\..\..\..\Desktop\星露谷物语素材\Stardew valley\Characters\Monsters\Crow..png">
      <Filter>资源文件</Filter>
    </Image>
    <Image Include="..\..\..\..\..\Desktop\Crow..bmp">
      <Filter>资源文件</Filter>
    </Image>
    <Image Include="..\..\..\..\..\Desktop\Duck..bmp">
      <Filter>资源文件</Filter>
    </Image>
    <Image Include="..\..\..\..\..\Desktop\Goat..bmp">
      <Filter>资源文件</Filter>
    </Image>
    <Image Include="..\..\..\..\..\Desktop\Blue Chicken..bmp">
      <Filter>资源文件</Filter>
    </Image>
    <Image Include="..\..\..\..\..\Desktop\weapons..bmp">
      <Filter>资源文件</Filter>
    </Image>
    <Image Include="..\..\..\..\..\Desktop\Coop_.bmp">
      <Filter>资源文件</Filter>
    </Image>
    <Image Include="..\..\..\..\..\Desktop\grass.bmp">
      <Filter>资源文件</Filter>
    </Image>
    <Image Include="..\..\..\..\..\Desktop\sand.bmp">
      <Filter>资源文件</Filter>
    </Image>
    <Image Include="..\..\..\..\..\Desktop\bar_h.bmp">
      <Filter>资源文件</Filter>
    </Image>
    <Image Include="resources\obj\bar_h_left.bmp">
      <Filter>资源文件</Filter>
    </Image>
    <Image Include="resources\obj\bar_h_mid.bmp">
      <Filter>资源文件</Filter>
    </Image>
    <Image Include="resources\obj\bar_h_right.bmp">
      <Filter>资源文件</Filter>
    </Image>
    <Image Include="resources\obj\bar_v_head.bmp">
      <Filter>资源文件</Filter>
    </Image>
    <Image Include="resources\obj\bar_v_tail.bmp">
      <Filter>资源文件</Filter>
    </Image>
    <Image Include="resources\bg\floor_1.bmp">
      <Filter>资源文件</Filter>
    </Image>
    <Image Include="..\..\..\..\..\desktop\bitmap5.bmp">
      <Filter>资源文件</Filter>
    </Image>
    <Image Include="resources\obj\wall_1.bmp">
      <Filter>资源文件</Filter>
    </Image>
    <Image Include="resources\obj\chair_1.bmp">
      <Filter>资源文件</Filter>
    </Image>
    <Image Include="resources\obj\table_1.bmp">
      <Filter>资源文件</Filter>
    </Image>
    <Image Include="resources\obj\carpet_1.bmp">
      <Filter>资源文件</Filter>
    </Image>
    <Image Include="resources\obj\sofa_1.bmp">
      <Filter>资源文件</Filter>
    </Image>
    <Image Include="resources\obj\tv_1.bmp">
      <Filter>资源文件</Filter>
    </Image>
    <Image Include="resources\bg\barrier_left.bmp">
      <Filter>资源文件</Filter>
    </Image>
    <Image Include="resources\bg\barrier_left_top.bmp">
      <Filter>资源文件</Filter>
    </Image>
    <Image Include="resources\bg\barrier_right.bmp">
      <Filter>资源文件</Filter>
    </Image>
    <Image Include="resources\bg\barrier_top.bmp">
      <Filter>资源文件</Filter>
    </Image>
    <Image Include="..\..\..\..\..\Desktop\未标题-1.bmp">
      <Filter>资源文件</Filter>
    </Image>
    <Image Include="resources\bg\barrier_bottom.bmp">
      <Filter>资源文件</Filter>
    </Image>
    <Image Include="resources\bg\barrier_left_bottom_r.bmp">
      <Filter>资源文件</Filter>
    </Image>
    <Image Include="resources\bg\barrier_right_bottom_r.bmp">
      <Filter>资源文件</Filter>
    </Image>
    <Image Include="resources\bg\barrier_right_top_r.bmp">
      <Filter>资源文件</Filter>
    </Image>
    <Image Include="resources\bg\barrier_left_top_r .bmp">
      <Filter>资源文件</Filter>
    </Image>
    <Image Include="resources\bg\barrier_left_bottom.bmp">
      <Filter>资源文件</Filter>
    </Image>
    <Image Include="resources\bg\barrier_right_bottom.bmp">
      <Filter>资源文件</Filter>
    </Image>
    <Image Include="resources\bg\barrier_right_top.bmp">
      <Filter>资源文件</Filter>
    </Image>
    <Image Include="resources\item\certificate.bmp">
      <Filter>资源文件</Filter>
    </Image>
    <Image Include="resources\bg\bitmap5.bmp">
      <Filter>资源文件</Filter>
    </Image>
    <Image Include="resources\item\item_bg.bmp">
      <Filter>资源文件</Filter>
    </Image>
    <Image Include="resources\item\item_name_bg.bmp">
      <Filter>资源文件</Filter>
    </Image>
    <Image Include="resources\item\item_bow.bmp">
      <Filter>资源文件</Filter>
    </Image>
    <Image Include="resources\item\item_sword.bmp">
      <Filter>资源文件</Filter>
    </Image>
    <Image Include="resources\bg\rock.bmp">
      <Filter>资源文件</Filter>
    </Image>
    <Image Include="resources\bg\rock_1.bmp">
      <Filter>资源文件</Filter>
    </Image>
    <Image Include="resources\bg\rock_2.bmp">
      <Filter>资源文件</Filter>
    </Image>
    <Image Include="resources\bg\rock_3.bmp">
      <Filter>资源文件</Filter>
    </Image>
    <Image Include="resources\bg\rock_4.bmp">
      <Filter>资源文件</Filter>
    </Image>
    <Image Include="resources\obj\grass.bmp">
      <Filter>资源文件</Filter>
    </Image>
    <Image Include="resources\obj\outside_table.bmp">
      <Filter>资源文件</Filter>
    </Image>
    <Image Include="resources\obj\tree.bmp">
      <Filter>资源文件</Filter>
    </Image>
    <Image Include="resources\animation\death.bmp">
      <Filter>资源文件</Filter>
    </Image>
    <Image Include="resources\animation\exclamation.bmp">
      <Filter>资源文件</Filter>
    </Image>
    <Image Include="resources\obj\cherry.bmp">
      <Filter>资源文件</Filter>
    </Image>
    <Image Include="resources\obj\tent.bmp">
      <Filter>资源文件</Filter>
    </Image>
    <Image Include="resources\obj\grass_block.bmp">
      <Filter>资源文件</Filter>
    </Image>
    <Image Include="resources\obj\house_2.bmp">
      <Filter>资源文件</Filter>
    </Image>
    <Image Include="resources\item\key.bmp">
      <Filter>资源文件</Filter>
    </Image>
    <Image Include="resources\obj\bed.bmp">
      <Filter>资源文件</Filter>
    </Image>
    <Image Include="resources\achievement\crow_hunter.bmp">
      <Filter>资源文件</Filter>
    </Image>
    <Image Include="resources\achievement\friendly.bmp">
      <Filter>资源文件</Filter>
    </Image>
    <Image Include="resources\achievement\helpful.bmp">
      <Filter>资源文件</Filter>
    </Image>
    <Image Include="resources\achievement\quick_sleep.bmp">
      <Filter>资源文件</Filter>
    </Image>
    <Image Include="resources\achievement\achievement_bg.bmp">
      <Filter>资源文件</Filter>
    </Image>
  </ItemGroup>
</Project>